
Microsoft Visual Studio Solution File, Format Version 12.00
# Visual Studio 15
VisualStudioVersion = 15.0.28307.329
MinimumVisualStudioVersion = 10.0.40219.1
Project("{9A19103F-16F7-4668-BE54-9A1E7A4F7556}") = "Phonebook", "Phonebook\Phonebook.csproj", "{4DB887B0-C1F3-4A81-A160-936D99DB2B38}"
EndProject
Project("{FAE04EC0-301F-11D3-BF4B-00C04F79EFBC}") = "Customers", "Customers\Customers.csproj", "{63086A13-84A6-4976-957F-57E12460480C}"
EndProject
Project("{FAE04EC0-301F-11D3-BF4B-00C04F79EFBC}") = "Tests", "Tests\Tests.csproj", "{AED252F0-15A3-4B7C-ADCA-6729C60B674F}"
EndProject
Project("{FAE04EC0-301F-11D3-BF4B-00C04F79EFBC}") = "General", "General\General.csproj", "{C051A64F-65A8-42F5-9728-303FE1BEB48A}"
EndProject
Global
	GlobalSection(SolutionConfigurationPlatforms) = preSolution
		Debug|Any CPU = Debug|Any CPU
		Release|Any CPU = Release|Any CPU
	EndGlobalSection
	GlobalSection(ProjectConfigurationPlatforms) = postSolution
		{4DB887B0-C1F3-4A81-A160-936D99DB2B38}.Debug|Any CPU.ActiveCfg = Debug|Any CPU
		{4DB887B0-C1F3-4A81-A160-936D99DB2B38}.Debug|Any CPU.Build.0 = Debug|Any CPU
		{4DB887B0-C1F3-4A81-A160-936D99DB2B38}.Release|Any CPU.ActiveCfg = Release|Any CPU
		{4DB887B0-C1F3-4A81-A160-936D99DB2B38}.Release|Any CPU.Build.0 = Release|Any CPU
		{63086A13-84A6-4976-957F-57E12460480C}.Debug|Any CPU.ActiveCfg = Debug|Any CPU
		{63086A13-84A6-4976-957F-57E12460480C}.Debug|Any CPU.Build.0 = Debug|Any CPU
		{63086A13-84A6-4976-957F-57E12460480C}.Release|Any CPU.ActiveCfg = Release|Any CPU
		{63086A13-84A6-4976-957F-57E12460480C}.Release|Any CPU.Build.0 = Release|Any CPU
		{AED252F0-15A3-4B7C-ADCA-6729C60B674F}.Debug|Any CPU.ActiveCfg = Debug|Any CPU
		{AED252F0-15A3-4B7C-ADCA-6729C60B674F}.Debug|Any CPU.Build.0 = Debug|Any CPU
		{AED252F0-15A3-4B7C-ADCA-6729C60B674F}.Release|Any CPU.ActiveCfg = Release|Any CPU
		{AED252F0-15A3-4B7C-ADCA-6729C60B674F}.Release|Any CPU.Build.0 = Release|Any CPU
		{C051A64F-65A8-42F5-9728-303FE1BEB48A}.Debug|Any CPU.ActiveCfg = Debug|Any CPU
		{C051A64F-65A8-42F5-9728-303FE1BEB48A}.Debug|Any CPU.Build.0 = Debug|Any CPU
		{C051A64F-65A8-42F5-9728-303FE1BEB48A}.Release|Any CPU.ActiveCfg = Release|Any CPU
		{C051A64F-65A8-42F5-9728-303FE1BEB48A}.Release|Any CPU.Build.0 = Release|Any CPU
	EndGlobalSection
	GlobalSection(SolutionProperties) = preSolution
		HideSolutionNode = FALSE
	EndGlobalSection
	GlobalSection(ExtensibilityGlobals) = postSolution
		SolutionGuid = {462EC2C2-1F69-44E2-855D-A6506315F259}
	EndGlobalSection
EndGlobal
